
Microsoft Visual Studio Solution File, Format Version 12.00
# Visual Studio Version 16
VisualStudioVersion = 16.0.30717.126
MinimumVisualStudioVersion = 10.0.40219.1
Project("{9A19103F-16F7-4668-BE54-9A1E7A4F7556}") = "Helios.DedicatedThreadPool", "core\Helios.DedicatedThreadPool\Helios.DedicatedThreadPool.csproj", "{6C8F359E-E479-44D5-8FA0-02BFD38C3860}"
EndProject
Project("{9A19103F-16F7-4668-BE54-9A1E7A4F7556}") = "Helios.DedicatedThreadPool.Tests", "tests\Helios.DedicatedThreadPool.Tests\Helios.DedicatedThreadPool.Tests.csproj", "{BD7B3C66-14D8-4F01-AECE-F7F3F440A899}"
EndProject
Project("{2150E333-8FDC-42A3-9474-1A3956D46DE8}") = "tests", "tests", "{741F51D5-FB48-4AE3-837E-3C32FAC6584E}"
EndProject
Project("{2150E333-8FDC-42A3-9474-1A3956D46DE8}") = "core", "core", "{E86B275F-E912-47C5-8F5E-BA62D5959EBD}"
EndProject
Project("{2150E333-8FDC-42A3-9474-1A3956D46DE8}") = "build", "build", "{527902B6-8DD0-41E9-AB01-EE6A809F5447}"
	ProjectSection(SolutionItems) = preProject
		..\build.fsx = ..\build.fsx
	EndProjectSection
EndProject
Project("{2150E333-8FDC-42A3-9474-1A3956D46DE8}") = ".nuget", ".nuget", "{39EF5BC0-8ADB-47AE-9A53-6AB9D40D601D}"
	ProjectSection(SolutionItems) = preProject
		.nuget\NuGet.Config = .nuget\NuGet.Config
		.nuget\NuGet.exe = .nuget\NuGet.exe
		.nuget\NuGet.targets = .nuget\NuGet.targets
	EndProjectSection
EndProject
Project("{9A19103F-16F7-4668-BE54-9A1E7A4F7556}") = "Helios.DedicatedThreadPool.Tests.Performance", "tests\Helios.DedicatedThreadPool.Tests.Performance\Helios.DedicatedThreadPool.Tests.Performance.csproj", "{428DF580-1734-4AB6-B80E-F5ABABCE61D6}"
EndProject
Project("{FAE04EC0-301F-11D3-BF4B-00C04F79EFBC}") = "Helios.DedicatedThreadPool.IdleCpu.Program", "tests\Helios.DedicatedThreadPool.IdleCpu.Program\Helios.DedicatedThreadPool.IdleCpu.Program.csproj", "{876973A9-060F-402E-9434-733F8320AA6B}"
EndProject
Project("{9A19103F-16F7-4668-BE54-9A1E7A4F7556}") = "Helios.DedicatedThreadPool.IdleCpu.Tests", "tests\Helios.DedicatedThreadPool.IdleCpu.Tests\Helios.DedicatedThreadPool.IdleCpu.Tests.csproj", "{F0A0B730-337D-4FE2-AA41-54535CF70726}"
EndProject
Global
	GlobalSection(SolutionConfigurationPlatforms) = preSolution
		Debug|Any CPU = Debug|Any CPU
		Release|Any CPU = Release|Any CPU
	EndGlobalSection
	GlobalSection(ProjectConfigurationPlatforms) = postSolution
		{6C8F359E-E479-44D5-8FA0-02BFD38C3860}.Debug|Any CPU.ActiveCfg = Debug|Any CPU
		{6C8F359E-E479-44D5-8FA0-02BFD38C3860}.Debug|Any CPU.Build.0 = Debug|Any CPU
		{6C8F359E-E479-44D5-8FA0-02BFD38C3860}.Release|Any CPU.ActiveCfg = Release|Any CPU
		{6C8F359E-E479-44D5-8FA0-02BFD38C3860}.Release|Any CPU.Build.0 = Release|Any CPU
		{BD7B3C66-14D8-4F01-AECE-F7F3F440A899}.Debug|Any CPU.ActiveCfg = Debug|Any CPU
		{BD7B3C66-14D8-4F01-AECE-F7F3F440A899}.Debug|Any CPU.Build.0 = Debug|Any CPU
		{BD7B3C66-14D8-4F01-AECE-F7F3F440A899}.Release|Any CPU.ActiveCfg = Release|Any CPU
		{BD7B3C66-14D8-4F01-AECE-F7F3F440A899}.Release|Any CPU.Build.0 = Release|Any CPU
		{428DF580-1734-4AB6-B80E-F5ABABCE61D6}.Debug|Any CPU.ActiveCfg = Debug|Any CPU
		{428DF580-1734-4AB6-B80E-F5ABABCE61D6}.Debug|Any CPU.Build.0 = Debug|Any CPU
		{428DF580-1734-4AB6-B80E-F5ABABCE61D6}.Release|Any CPU.ActiveCfg = Release|Any CPU
		{428DF580-1734-4AB6-B80E-F5ABABCE61D6}.Release|Any CPU.Build.0 = Release|Any CPU
		{876973A9-060F-402E-9434-733F8320AA6B}.Debug|Any CPU.ActiveCfg = Debug|Any CPU
		{876973A9-060F-402E-9434-733F8320AA6B}.Debug|Any CPU.Build.0 = Debug|Any CPU
		{876973A9-060F-402E-9434-733F8320AA6B}.Release|Any CPU.ActiveCfg = Release|Any CPU
		{876973A9-060F-402E-9434-733F8320AA6B}.Release|Any CPU.Build.0 = Release|Any CPU
		{F0A0B730-337D-4FE2-AA41-54535CF70726}.Debug|Any CPU.ActiveCfg = Debug|Any CPU
		{F0A0B730-337D-4FE2-AA41-54535CF70726}.Debug|Any CPU.Build.0 = Debug|Any CPU
		{F0A0B730-337D-4FE2-AA41-54535CF70726}.Release|Any CPU.ActiveCfg = Release|Any CPU
		{F0A0B730-337D-4FE2-AA41-54535CF70726}.Release|Any CPU.Build.0 = Release|Any CPU
	EndGlobalSection
	GlobalSection(SolutionProperties) = preSolution
		HideSolutionNode = FALSE
	EndGlobalSection
	GlobalSection(NestedProjects) = preSolution
		{6C8F359E-E479-44D5-8FA0-02BFD38C3860} = {E86B275F-E912-47C5-8F5E-BA62D5959EBD}
		{BD7B3C66-14D8-4F01-AECE-F7F3F440A899} = {741F51D5-FB48-4AE3-837E-3C32FAC6584E}
		{428DF580-1734-4AB6-B80E-F5ABABCE61D6} = {741F51D5-FB48-4AE3-837E-3C32FAC6584E}
		{876973A9-060F-402E-9434-733F8320AA6B} = {741F51D5-FB48-4AE3-837E-3C32FAC6584E}
		{F0A0B730-337D-4FE2-AA41-54535CF70726} = {741F51D5-FB48-4AE3-837E-3C32FAC6584E}
	EndGlobalSection
	GlobalSection(ExtensibilityGlobals) = postSolution
		SolutionGuid = {DD52A4C9-1308-4946-82E0-9AD4884CAA85}
	EndGlobalSection
EndGlobal
